// !$*UTF8*$!
{
	archiveVersion = 1;
	classes = {
	};
	objectVersion = 48;
	objects = {

/* Begin PBXBuildFile section */
		590B26F6200D69C40016E3E8 /* Random.swift in Sources */ = {isa = PBXBuildFile; fileRef = 590B26F5200D69C40016E3E8 /* Random.swift */; };
		5942C73A2009857100A496B4 /* RandomElement.swift in Sources */ = {isa = PBXBuildFile; fileRef = 5942C7392009857100A496B4 /* RandomElement.swift */; };
		595268361FFEB19900FDF889 /* Job.swift in Sources */ = {isa = PBXBuildFile; fileRef = 595268351FFEB19900FDF889 /* Job.swift */; };
		595268381FFEBC0B00FDF889 /* Comment.swift in Sources */ = {isa = PBXBuildFile; fileRef = 595268371FFEBC0B00FDF889 /* Comment.swift */; };
		596245F91FF021F800532937 /* main.swift in Sources */ = {isa = PBXBuildFile; fileRef = 596245F81FF021F800532937 /* main.swift */; };
		596246021FF0329F00532937 /* Person.swift in Sources */ = {isa = PBXBuildFile; fileRef = 596246011FF0329F00532937 /* Person.swift */; };
		596246041FF032AA00532937 /* Interest.swift in Sources */ = {isa = PBXBuildFile; fileRef = 596246031FF032AA00532937 /* Interest.swift */; };
		596589A9200BE9A9004F1ADE /* PeopleManager.swift in Sources */ = {isa = PBXBuildFile; fileRef = 596589A8200BE9A9004F1ADE /* PeopleManager.swift */; };
		596589AB200BEA9E004F1ADE /* Constant.swift in Sources */ = {isa = PBXBuildFile; fileRef = 596589AA200BEA9E004F1ADE /* Constant.swift */; };
		59806F1F1FFC6D28005A8348 /* Title.swift in Sources */ = {isa = PBXBuildFile; fileRef = 59806F1E1FFC6D28005A8348 /* Title.swift */; };
		59A9AE8720078D8D006E263F /* Name.swift in Sources */ = {isa = PBXBuildFile; fileRef = 59A9AE8620078D8C006E263F /* Name.swift */; };
		59F1F89A1FF0682000F50022 /* Game.swift in Sources */ = {isa = PBXBuildFile; fileRef = 59F1F8991FF0682000F50022 /* Game.swift */; };
/* End PBXBuildFile section */

/* Begin PBXCopyFilesBuildPhase section */
		596245F31FF021F800532937 /* CopyFiles */ = {
			isa = PBXCopyFilesBuildPhase;
			buildActionMask = 2147483647;
			dstPath = /usr/share/man/man1/;
			dstSubfolderSpec = 0;
			files = (
			);
			runOnlyForDeploymentPostprocessing = 1;
		};
/* End PBXCopyFilesBuildPhase section */

/* Begin PBXFileReference section */
		590B26F5200D69C40016E3E8 /* Random.swift */ = {isa = PBXFileReference; lastKnownFileType = sourcecode.swift; path = Random.swift; sourceTree = "<group>"; };
		5942C7392009857100A496B4 /* RandomElement.swift */ = {isa = PBXFileReference; lastKnownFileType = sourcecode.swift; path = RandomElement.swift; sourceTree = "<group>"; };
		595268351FFEB19900FDF889 /* Job.swift */ = {isa = PBXFileReference; lastKnownFileType = sourcecode.swift; path = Job.swift; sourceTree = "<group>"; };
		595268371FFEBC0B00FDF889 /* Comment.swift */ = {isa = PBXFileReference; lastKnownFileType = sourcecode.swift; path = Comment.swift; sourceTree = "<group>"; };
		596245F51FF021F800532937 /* Curious */ = {isa = PBXFileReference; explicitFileType = "compiled.mach-o.executable"; includeInIndex = 0; path = Curious; sourceTree = BUILT_PRODUCTS_DIR; };
		596245F81FF021F800532937 /* main.swift */ = {isa = PBXFileReference; lastKnownFileType = sourcecode.swift; path = main.swift; sourceTree = "<group>"; };
		596246011FF0329F00532937 /* Person.swift */ = {isa = PBXFileReference; lastKnownFileType = sourcecode.swift; path = Person.swift; sourceTree = "<group>"; };
		596246031FF032AA00532937 /* Interest.swift */ = {isa = PBXFileReference; lastKnownFileType = sourcecode.swift; path = Interest.swift; sourceTree = "<group>"; };
		596589A8200BE9A9004F1ADE /* PeopleManager.swift */ = {isa = PBXFileReference; lastKnownFileType = sourcecode.swift; path = PeopleManager.swift; sourceTree = "<group>"; };
		596589AA200BEA9E004F1ADE /* Constant.swift */ = {isa = PBXFileReference; lastKnownFileType = sourcecode.swift; path = Constant.swift; sourceTree = "<group>"; };
		59806F1E1FFC6D28005A8348 /* Title.swift */ = {isa = PBXFileReference; lastKnownFileType = sourcecode.swift; path = Title.swift; sourceTree = "<group>"; };
		59A9AE8620078D8C006E263F /* Name.swift */ = {isa = PBXFileReference; fileEncoding = 4; lastKnownFileType = sourcecode.swift; path = Name.swift; sourceTree = "<group>"; };
		59F1F8991FF0682000F50022 /* Game.swift */ = {isa = PBXFileReference; lastKnownFileType = sourcecode.swift; path = Game.swift; sourceTree = "<group>"; };
/* End PBXFileReference section */

/* Begin PBXFrameworksBuildPhase section */
		596245F21FF021F800532937 /* Frameworks */ = {
			isa = PBXFrameworksBuildPhase;
			buildActionMask = 2147483647;
			files = (
			);
			runOnlyForDeploymentPostprocessing = 0;
		};
/* End PBXFrameworksBuildPhase section */

/* Begin PBXGroup section */
		596245EC1FF021F800532937 = {
			isa = PBXGroup;
			children = (
				596245F71FF021F800532937 /* Curious */,
				596245F61FF021F800532937 /* Products */,
			);
			sourceTree = "<group>";
		};
		596245F61FF021F800532937 /* Products */ = {
			isa = PBXGroup;
			children = (
				596245F51FF021F800532937 /* Curious */,
			);
			name = Products;
			sourceTree = "<group>";
		};
		596245F71FF021F800532937 /* Curious */ = {
			isa = PBXGroup;
			children = (
				596245F81FF021F800532937 /* main.swift */,
				59799A941FF31E4900614959 /* Utilities */,
				596246001FF0327800532937 /* Controller */,
				596245FF1FF0322100532937 /* Model */,
			);
			path = Curious;
			sourceTree = "<group>";
		};
		596245FF1FF0322100532937 /* Model */ = {
			isa = PBXGroup;
			children = (
				596246011FF0329F00532937 /* Person.swift */,
				596246031FF032AA00532937 /* Interest.swift */,
			);
			path = Model;
			sourceTree = "<group>";
		};
		596246001FF0327800532937 /* Controller */ = {
			isa = PBXGroup;
			children = (
				59F1F8991FF0682000F50022 /* Game.swift */,
				596589A8200BE9A9004F1ADE /* PeopleManager.swift */,
			);
			path = Controller;
			sourceTree = "<group>";
		};
		59799A941FF31E4900614959 /* Utilities */ = {
			isa = PBXGroup;
			children = (
				596589AA200BEA9E004F1ADE /* Constant.swift */,
				590B26F5200D69C40016E3E8 /* Random.swift */,
				5942C7392009857100A496B4 /* RandomElement.swift */,
				595268371FFEBC0B00FDF889 /* Comment.swift */,
				595268351FFEB19900FDF889 /* Job.swift */,
				59A9AE8620078D8C006E263F /* Name.swift */,
				59806F1E1FFC6D28005A8348 /* Title.swift */,
			);
			path = Utilities;
			sourceTree = "<group>";
		};
/* End PBXGroup section */

/* Begin PBXNativeTarget section */
		596245F41FF021F800532937 /* Curious */ = {
			isa = PBXNativeTarget;
			buildConfigurationList = 596245FC1FF021F800532937 /* Build configuration list for PBXNativeTarget "Curious" */;
			buildPhases = (
				596245F11FF021F800532937 /* Sources */,
				596245F21FF021F800532937 /* Frameworks */,
				596245F31FF021F800532937 /* CopyFiles */,
			);
			buildRules = (
			);
			dependencies = (
			);
			name = Curious;
			productName = Curious;
			productReference = 596245F51FF021F800532937 /* Curious */;
			productType = "com.apple.product-type.tool";
		};
/* End PBXNativeTarget section */

/* Begin PBXProject section */
		596245ED1FF021F800532937 /* Project object */ = {
			isa = PBXProject;
			attributes = {
				LastSwiftUpdateCheck = 0920;
				LastUpgradeCheck = 0920;
				ORGANIZATIONNAME = "Spencer Forrest";
				TargetAttributes = {
					596245F41FF021F800532937 = {
						CreatedOnToolsVersion = 9.2;
						ProvisioningStyle = Automatic;
					};
				};
			};
			buildConfigurationList = 596245F01FF021F800532937 /* Build configuration list for PBXProject "Curious" */;
			compatibilityVersion = "Xcode 8.0";
			developmentRegion = en;
			hasScannedForEncodings = 0;
			knownRegions = (
				en,
			);
			mainGroup = 596245EC1FF021F800532937;
			productRefGroup = 596245F61FF021F800532937 /* Products */;
			projectDirPath = "";
			projectRoot = "";
			targets = (
				596245F41FF021F800532937 /* Curious */,
			);
		};
/* End PBXProject section */

/* Begin PBXSourcesBuildPhase section */
		596245F11FF021F800532937 /* Sources */ = {
			isa = PBXSourcesBuildPhase;
			buildActionMask = 2147483647;
			files = (
				595268381FFEBC0B00FDF889 /* Comment.swift in Sources */,
				595268361FFEB19900FDF889 /* Job.swift in Sources */,
				596246041FF032AA00532937 /* Interest.swift in Sources */,
				596246021FF0329F00532937 /* Person.swift in Sources */,
				596245F91FF021F800532937 /* main.swift in Sources */,
				5942C73A2009857100A496B4 /* RandomElement.swift in Sources */,
				59A9AE8720078D8D006E263F /* Name.swift in Sources */,
				59F1F89A1FF0682000F50022 /* Game.swift in Sources */,
				590B26F6200D69C40016E3E8 /* Random.swift in Sources */,
				596589AB200BEA9E004F1ADE /* Constant.swift in Sources */,
				596589A9200BE9A9004F1ADE /* PeopleManager.swift in Sources */,
				59806F1F1FFC6D28005A8348 /* Title.swift in Sources */,
			);
			runOnlyForDeploymentPostprocessing = 0;
		};
/* End PBXSourcesBuildPhase section */

/* Begin XCBuildConfiguration section */
		596245FA1FF021F800532937 /* Debug */ = {
			isa = XCBuildConfiguration;
			buildSettings = {
				ALWAYS_SEARCH_USER_PATHS = NO;
				CLANG_ANALYZER_NONNULL = YES;
				CLANG_ANALYZER_NUMBER_OBJECT_CONVERSION = YES_AGGRESSIVE;
				CLANG_CXX_LANGUAGE_STANDARD = "gnu++14";
				CLANG_CXX_LIBRARY = "libc++";
				CLANG_ENABLE_MODULES = YES;
				CLANG_ENABLE_OBJC_ARC = YES;
				CLANG_WARN_BLOCK_CAPTURE_AUTORELEASING = YES;
				CLANG_WARN_BOOL_CONVERSION = YES;
				CLANG_WARN_COMMA = YES;
				CLANG_WARN_CONSTANT_CONVERSION = YES;
				CLANG_WARN_DIRECT_OBJC_ISA_USAGE = YES_ERROR;
				CLANG_WARN_DOCUMENTATION_COMMENTS = YES;
				CLANG_WARN_EMPTY_BODY = YES;
				CLANG_WARN_ENUM_CONVERSION = YES;
				CLANG_WARN_INFINITE_RECURSION = YES;
				CLANG_WARN_INT_CONVERSION = YES;
				CLANG_WARN_NON_LITERAL_NULL_CONVERSION = YES;
				CLANG_WARN_OBJC_LITERAL_CONVERSION = YES;
				CLANG_WARN_OBJC_ROOT_CLASS = YES_ERROR;
				CLANG_WARN_RANGE_LOOP_ANALYSIS = YES;
				CLANG_WARN_STRICT_PROTOTYPES = YES;
				CLANG_WARN_SUSPICIOUS_MOVE = YES;
				CLANG_WARN_UNGUARDED_AVAILABILITY = YES_AGGRESSIVE;
				CLANG_WARN_UNREACHABLE_CODE = YES;
				CLANG_WARN__DUPLICATE_METHOD_MATCH = YES;
				CODE_SIGN_IDENTITY = "Mac Developer";
				COPY_PHASE_STRIP = NO;
				DEBUG_INFORMATION_FORMAT = dwarf;
				ENABLE_STRICT_OBJC_MSGSEND = YES;
				ENABLE_TESTABILITY = YES;
				GCC_C_LANGUAGE_STANDARD = gnu11;
				GCC_DYNAMIC_NO_PIC = NO;
				GCC_NO_COMMON_BLOCKS = YES;
				GCC_OPTIMIZATION_LEVEL = 0;
				GCC_PREPROCESSOR_DEFINITIONS = (
					"DEBUG=1",
					"$(inherited)",
				);
				GCC_WARN_64_TO_32_BIT_CONVERSION = YES;
				GCC_WARN_ABOUT_RETURN_TYPE = YES_ERROR;
				GCC_WARN_UNDECLARED_SELECTOR = YES;
				GCC_WARN_UNINITIALIZED_AUTOS = YES_AGGRESSIVE;
				GCC_WARN_UNUSED_FUNCTION = YES;
				GCC_WARN_UNUSED_VARIABLE = YES;
				MACOSX_DEPLOYMENT_TARGET = 10.13;
				MTL_ENABLE_DEBUG_INFO = YES;
				ONLY_ACTIVE_ARCH = YES;
				SDKROOT = macosx;
				SWIFT_ACTIVE_COMPILATION_CONDITIONS = DEBUG;
				SWIFT_OPTIMIZATION_LEVEL = "-Onone";
			};
			name = Debug;
		};
		596245FB1FF021F800532937 /* Release */ = {
			isa = XCBuildConfiguration;
			buildSettings = {
				ALWAYS_SEARCH_USER_PATHS = NO;
				CLANG_ANALYZER_NONNULL = YES;
				CLANG_ANALYZER_NUMBER_OBJECT_CONVERSION = YES_AGGRESSIVE;
				CLANG_CXX_LANGUAGE_STANDARD = "gnu++14";
				CLANG_CXX_LIBRARY = "libc++";
				CLANG_ENABLE_MODULES = YES;
				CLANG_ENABLE_OBJC_ARC = YES;
				CLANG_WARN_BLOCK_CAPTURE_AUTORELEASING = YES;
				CLANG_WARN_BOOL_CONVERSION = YES;
				CLANG_WARN_COMMA = YES;
				CLANG_WARN_CONSTANT_CONVERSION = YES;
				CLANG_WARN_DIRECT_OBJC_ISA_USAGE = YES_ERROR;
				CLANG_WARN_DOCUMENTATION_COMMENTS = YES;
				CLANG_WARN_EMPTY_BODY = YES;
				CLANG_WARN_ENUM_CONVERSION = YES;
				CLANG_WARN_INFINITE_RECURSION = YES;
				CLANG_WARN_INT_CONVERSION = YES;
				CLANG_WARN_NON_LITERAL_NULL_CONVERSION = YES;
				CLANG_WARN_OBJC_LITERAL_CONVERSION = YES;
				CLANG_WARN_OBJC_ROOT_CLASS = YES_ERROR;
				CLANG_WARN_RANGE_LOOP_ANALYSIS = YES;
				CLANG_WARN_STRICT_PROTOTYPES = YES;
				CLANG_WARN_SUSPICIOUS_MOVE = YES;
				CLANG_WARN_UNGUARDED_AVAILABILITY = YES_AGGRESSIVE;
				CLANG_WARN_UNREACHABLE_CODE = YES;
				CLANG_WARN__DUPLICATE_METHOD_MATCH = YES;
				CODE_SIGN_IDENTITY = "Mac Developer";
				COPY_PHASE_STRIP = NO;
				DEBUG_INFORMATION_FORMAT = "dwarf-with-dsym";
				ENABLE_NS_ASSERTIONS = NO;
				ENABLE_STRICT_OBJC_MSGSEND = YES;
				GCC_C_LANGUAGE_STANDARD = gnu11;
				GCC_NO_COMMON_BLOCKS = YES;
				GCC_WARN_64_TO_32_BIT_CONVERSION = YES;
				GCC_WARN_ABOUT_RETURN_TYPE = YES_ERROR;
				GCC_WARN_UNDECLARED_SELECTOR = YES;
				GCC_WARN_UNINITIALIZED_AUTOS = YES_AGGRESSIVE;
				GCC_WARN_UNUSED_FUNCTION = YES;
				GCC_WARN_UNUSED_VARIABLE = YES;
				MACOSX_DEPLOYMENT_TARGET = 10.13;
				MTL_ENABLE_DEBUG_INFO = NO;
				SDKROOT = macosx;
				SWIFT_OPTIMIZATION_LEVEL = "-Owholemodule";
			};
			name = Release;
		};
		596245FD1FF021F800532937 /* Debug */ = {
			isa = XCBuildConfiguration;
			buildSettings = {
				CODE_SIGN_STYLE = Automatic;
				DEVELOPMENT_TEAM = HT9N5JEKMU;
				PRODUCT_NAME = "$(TARGET_NAME)";
				SWIFT_VERSION = 4.0;
			};
			name = Debug;
		};
		596245FE1FF021F800532937 /* Release */ = {
			isa = XCBuildConfiguration;
			buildSettings = {
				CODE_SIGN_STYLE = Automatic;
				DEVELOPMENT_TEAM = HT9N5JEKMU;
				PRODUCT_NAME = "$(TARGET_NAME)";
				SWIFT_VERSION = 4.0;
			};
			name = Release;
		};
/* End XCBuildConfiguration section */

/* Begin XCConfigurationList section */
		596245F01FF021F800532937 /* Build configuration list for PBXProject "Curious" */ = {
			isa = XCConfigurationList;
			buildConfigurations = (
				596245FA1FF021F800532937 /* Debug */,
				596245FB1FF021F800532937 /* Release */,
			);
			defaultConfigurationIsVisible = 0;
			defaultConfigurationName = Release;
		};
		596245FC1FF021F800532937 /* Build configuration list for PBXNativeTarget "Curious" */ = {
			isa = XCConfigurationList;
			buildConfigurations = (
				596245FD1FF021F800532937 /* Debug */,
				596245FE1FF021F800532937 /* Release */,
			);
			defaultConfigurationIsVisible = 0;
			defaultConfigurationName = Release;
		};
/* End XCConfigurationList section */
	};
	rootObject = 596245ED1FF021F800532937 /* Project object */;
}
